
Microsoft Visual Studio Solution File, Format Version 12.00
# Visual Studio Version 17
VisualStudioVersion = 17.4.33205.214
MinimumVisualStudioVersion = 10.0.40219.1
Project("{FAE04EC0-301F-11D3-BF4B-00C04F79EFBC}") = "TouchPortal.GoXLR.Utility.Plugin", "TouchPortal.GoXLR.Utility.Plugin\TouchPortal.GoXLR.Utility.Plugin.csproj", "{3A29E388-DAD7-42CA-8018-79CE92E17EBD}"
EndProject
Global
	GlobalSection(SolutionConfigurationPlatforms) = preSolution
		Debug|Any CPU = Debug|Any CPU
		Release|Any CPU = Release|Any CPU
	EndGlobalSection
	GlobalSection(ProjectConfigurationPlatforms) = postSolution
		{3A29E388-DAD7-42CA-8018-79CE92E17EBD}.Debug|Any CPU.ActiveCfg = Debug|Any CPU
		{3A29E388-DAD7-42CA-8018-79CE92E17EBD}.Debug|Any CPU.Build.0 = Debug|Any CPU
		{3A29E388-DAD7-42CA-8018-79CE92E17EBD}.Release|Any CPU.ActiveCfg = Release|Any CPU
		{3A29E388-DAD7-42CA-8018-79CE92E17EBD}.Release|Any CPU.Build.0 = Release|Any CPU
	EndGlobalSection
	GlobalSection(SolutionProperties) = preSolution
		HideSolutionNode = FALSE
	EndGlobalSection
	GlobalSection(ExtensibilityGlobals) = postSolution
		SolutionGuid = {F1F840FF-9799-46B7-8591-3567B3ECD3A0}
	EndGlobalSection
EndGlobal
